// !$*UTF8*$!
{
	archiveVersion = 1;
	classes = {
	};
	objectVersion = 46;
	objects = {

/* Begin PBXBuildFile section */
		1AF03BED15E6D4B200D2B47A /* UIKit.framework in Frameworks */ = {isa = PBXBuildFile; fileRef = 1AF03BEC15E6D4B200D2B47A /* UIKit.framework */; };
		1AF03BEF15E6D4B200D2B47A /* Foundation.framework in Frameworks */ = {isa = PBXBuildFile; fileRef = 1AF03BEE15E6D4B200D2B47A /* Foundation.framework */; };
		1AF03BF115E6D4B200D2B47A /* CoreGraphics.framework in Frameworks */ = {isa = PBXBuildFile; fileRef = 1AF03BF015E6D4B200D2B47A /* CoreGraphics.framework */; };
		1AF03BF715E6D4B200D2B47A /* InfoPlist.strings in Resources */ = {isa = PBXBuildFile; fileRef = 1AF03BF515E6D4B200D2B47A /* InfoPlist.strings */; };
		1AF03BF915E6D4B200D2B47A /* main.m in Sources */ = {isa = PBXBuildFile; fileRef = 1AF03BF815E6D4B200D2B47A /* main.m */; };
		1AF03BFD15E6D4B200D2B47A /* AppDelegate.m in Sources */ = {isa = PBXBuildFile; fileRef = 1AF03BFC15E6D4B200D2B47A /* AppDelegate.m */; };
		1AF03C0015E6D4B200D2B47A /* MainStoryboard_iPhone.storyboard in Resources */ = {isa = PBXBuildFile; fileRef = 1AF03BFE15E6D4B200D2B47A /* MainStoryboard_iPhone.storyboard */; };
		1AF03C0315E6D4B200D2B47A /* MainStoryboard_iPad.storyboard in Resources */ = {isa = PBXBuildFile; fileRef = 1AF03C0115E6D4B200D2B47A /* MainStoryboard_iPad.storyboard */; };
		1AF03C0615E6D4B200D2B47A /* ViewController.m in Sources */ = {isa = PBXBuildFile; fileRef = 1AF03C0515E6D4B200D2B47A /* ViewController.m */; };
		1AF03C0E15E6D4B200D2B47A /* SenTestingKit.framework in Frameworks */ = {isa = PBXBuildFile; fileRef = 1AF03C0D15E6D4B200D2B47A /* SenTestingKit.framework */; };
		1AF03C0F15E6D4B200D2B47A /* UIKit.framework in Frameworks */ = {isa = PBXBuildFile; fileRef = 1AF03BEC15E6D4B200D2B47A /* UIKit.framework */; };
		1AF03C1015E6D4B200D2B47A /* Foundation.framework in Frameworks */ = {isa = PBXBuildFile; fileRef = 1AF03BEE15E6D4B200D2B47A /* Foundation.framework */; };
		1AF03C1815E6D4B200D2B47A /* InfoPlist.strings in Resources */ = {isa = PBXBuildFile; fileRef = 1AF03C1615E6D4B200D2B47A /* InfoPlist.strings */; };
		1AF03C1B15E6D4B200D2B47A /* testAppTests.m in Sources */ = {isa = PBXBuildFile; fileRef = 1AF03C1A15E6D4B200D2B47A /* testAppTests.m */; };
/* End PBXBuildFile section */

/* Begin PBXContainerItemProxy section */
		1AF03C1115E6D4B200D2B47A /* PBXContainerItemProxy */ = {
			isa = PBXContainerItemProxy;
			containerPortal = 1AF03BDF15E6D4B200D2B47A /* Project object */;
			proxyType = 1;
			remoteGlobalIDString = 1AF03BE715E6D4B200D2B47A;
			remoteInfo = testApp;
		};
/* End PBXContainerItemProxy section */

/* Begin PBXFileReference section */
		1AF03BE815E6D4B200D2B47A /* testApp.app */ = {isa = PBXFileReference; explicitFileType = wrapper.application; includeInIndex = 0; path = testApp.app; sourceTree = BUILT_PRODUCTS_DIR; };
		1AF03BEC15E6D4B200D2B47A /* UIKit.framework */ = {isa = PBXFileReference; lastKnownFileType = wrapper.framework; name = UIKit.framework; path = System/Library/Frameworks/UIKit.framework; sourceTree = SDKROOT; };
		1AF03BEE15E6D4B200D2B47A /* Foundation.framework */ = {isa = PBXFileReference; lastKnownFileType = wrapper.framework; name = Foundation.framework; path = System/Library/Frameworks/Foundation.framework; sourceTree = SDKROOT; };
		1AF03BF015E6D4B200D2B47A /* CoreGraphics.framework */ = {isa = PBXFileReference; lastKnownFileType = wrapper.framework; name = CoreGraphics.framework; path = System/Library/Frameworks/CoreGraphics.framework; sourceTree = SDKROOT; };
		1AF03BF415E6D4B200D2B47A /* testApp-Info.plist */ = {isa = PBXFileReference; lastKnownFileType = text.plist.xml; path = "testApp-Info.plist"; sourceTree = "<group>"; };
		1AF03BF615E6D4B200D2B47A /* en */ = {isa = PBXFileReference; lastKnownFileType = text.plist.strings; name = en; path = en.lproj/InfoPlist.strings; sourceTree = "<group>"; };
		1AF03BF815E6D4B200D2B47A /* main.m */ = {isa = PBXFileReference; lastKnownFileType = sourcecode.c.objc; path = main.m; sourceTree = "<group>"; };
		1AF03BFA15E6D4B200D2B47A /* testApp-Prefix.pch */ = {isa = PBXFileReference; lastKnownFileType = sourcecode.c.h; path = "testApp-Prefix.pch"; sourceTree = "<group>"; };
		1AF03BFB15E6D4B200D2B47A /* AppDelegate.h */ = {isa = PBXFileReference; lastKnownFileType = sourcecode.c.h; path = AppDelegate.h; sourceTree = "<group>"; };
		1AF03BFC15E6D4B200D2B47A /* AppDelegate.m */ = {isa = PBXFileReference; lastKnownFileType = sourcecode.c.objc; path = AppDelegate.m; sourceTree = "<group>"; };
		1AF03BFF15E6D4B200D2B47A /* en */ = {isa = PBXFileReference; lastKnownFileType = file.storyboard; name = en; path = en.lproj/MainStoryboard_iPhone.storyboard; sourceTree = "<group>"; };
		1AF03C0215E6D4B200D2B47A /* en */ = {isa = PBXFileReference; lastKnownFileType = file.storyboard; name = en; path = en.lproj/MainStoryboard_iPad.storyboard; sourceTree = "<group>"; };
		1AF03C0415E6D4B200D2B47A /* ViewController.h */ = {isa = PBXFileReference; lastKnownFileType = sourcecode.c.h; path = ViewController.h; sourceTree = "<group>"; };
		1AF03C0515E6D4B200D2B47A /* ViewController.m */ = {isa = PBXFileReference; lastKnownFileType = sourcecode.c.objc; path = ViewController.m; sourceTree = "<group>"; };
		1AF03C0C15E6D4B200D2B47A /* testAppTests.octest */ = {isa = PBXFileReference; explicitFileType = wrapper.cfbundle; includeInIndex = 0; path = testAppTests.octest; sourceTree = BUILT_PRODUCTS_DIR; };
		1AF03C0D15E6D4B200D2B47A /* SenTestingKit.framework */ = {isa = PBXFileReference; lastKnownFileType = wrapper.framework; name = SenTestingKit.framework; path = Library/Frameworks/SenTestingKit.framework; sourceTree = DEVELOPER_DIR; };
		1AF03C1515E6D4B200D2B47A /* testAppTests-Info.plist */ = {isa = PBXFileReference; lastKnownFileType = text.plist.xml; path = "testAppTests-Info.plist"; sourceTree = "<group>"; };
		1AF03C1715E6D4B200D2B47A /* en */ = {isa = PBXFileReference; lastKnownFileType = text.plist.strings; name = en; path = en.lproj/InfoPlist.strings; sourceTree = "<group>"; };
		1AF03C1915E6D4B200D2B47A /* testAppTests.h */ = {isa = PBXFileReference; lastKnownFileType = sourcecode.c.h; path = testAppTests.h; sourceTree = "<group>"; };
		1AF03C1A15E6D4B200D2B47A /* testAppTests.m */ = {isa = PBXFileReference; lastKnownFileType = sourcecode.c.objc; path = testAppTests.m; sourceTree = "<group>"; };
/* End PBXFileReference section */

/* Begin PBXFrameworksBuildPhase section */
		1AF03BE515E6D4B200D2B47A /* Frameworks */ = {
			isa = PBXFrameworksBuildPhase;
			buildActionMask = 2147483647;
			files = (
				1AF03BED15E6D4B200D2B47A /* UIKit.framework in Frameworks */,
				1AF03BEF15E6D4B200D2B47A /* Foundation.framework in Frameworks */,
				1AF03BF115E6D4B200D2B47A /* CoreGraphics.framework in Frameworks */,
			);
			runOnlyForDeploymentPostprocessing = 0;
		};
		1AF03C0815E6D4B200D2B47A /* Frameworks */ = {
			isa = PBXFrameworksBuildPhase;
			buildActionMask = 2147483647;
			files = (
				1AF03C0E15E6D4B200D2B47A /* SenTestingKit.framework in Frameworks */,
				1AF03C0F15E6D4B200D2B47A /* UIKit.framework in Frameworks */,
				1AF03C1015E6D4B200D2B47A /* Foundation.framework in Frameworks */,
			);
			runOnlyForDeploymentPostprocessing = 0;
		};
/* End PBXFrameworksBuildPhase section */

/* Begin PBXGroup section */
		1AF03BDD15E6D4B200D2B47A = {
			isa = PBXGroup;
			children = (
				1AF03BF215E6D4B200D2B47A /* testApp */,
				1AF03C1315E6D4B200D2B47A /* testAppTests */,
				1AF03BEB15E6D4B200D2B47A /* Frameworks */,
				1AF03BE915E6D4B200D2B47A /* Products */,
			);
			sourceTree = "<group>";
		};
		1AF03BE915E6D4B200D2B47A /* Products */ = {
			isa = PBXGroup;
			children = (
				1AF03BE815E6D4B200D2B47A /* testApp.app */,
				1AF03C0C15E6D4B200D2B47A /* testAppTests.octest */,
			);
			name = Products;
			sourceTree = "<group>";
		};
		1AF03BEB15E6D4B200D2B47A /* Frameworks */ = {
			isa = PBXGroup;
			children = (
				1AF03BEC15E6D4B200D2B47A /* UIKit.framework */,
				1AF03BEE15E6D4B200D2B47A /* Foundation.framework */,
				1AF03BF015E6D4B200D2B47A /* CoreGraphics.framework */,
				1AF03C0D15E6D4B200D2B47A /* SenTestingKit.framework */,
			);
			name = Frameworks;
			sourceTree = "<group>";
		};
		1AF03BF215E6D4B200D2B47A /* testApp */ = {
			isa = PBXGroup;
			children = (
				1AF03BFB15E6D4B200D2B47A /* AppDelegate.h */,
				1AF03BFC15E6D4B200D2B47A /* AppDelegate.m */,
				1AF03BFE15E6D4B200D2B47A /* MainStoryboard_iPhone.storyboard */,
				1AF03C0115E6D4B200D2B47A /* MainStoryboard_iPad.storyboard */,
				1AF03C0415E6D4B200D2B47A /* ViewController.h */,
				1AF03C0515E6D4B200D2B47A /* ViewController.m */,
				1AF03BF315E6D4B200D2B47A /* Supporting Files */,
			);
			path = testApp;
			sourceTree = "<group>";
		};
		1AF03BF315E6D4B200D2B47A /* Supporting Files */ = {
			isa = PBXGroup;
			children = (
				1AF03BF415E6D4B200D2B47A /* testApp-Info.plist */,
				1AF03BF515E6D4B200D2B47A /* InfoPlist.strings */,
				1AF03BF815E6D4B200D2B47A /* main.m */,
				1AF03BFA15E6D4B200D2B47A /* testApp-Prefix.pch */,
			);
			name = "Supporting Files";
			sourceTree = "<group>";
		};
		1AF03C1315E6D4B200D2B47A /* testAppTests */ = {
			isa = PBXGroup;
			children = (
				1AF03C1915E6D4B200D2B47A /* testAppTests.h */,
				1AF03C1A15E6D4B200D2B47A /* testAppTests.m */,
				1AF03C1415E6D4B200D2B47A /* Supporting Files */,
			);
			path = testAppTests;
			sourceTree = "<group>";
		};
		1AF03C1415E6D4B200D2B47A /* Supporting Files */ = {
			isa = PBXGroup;
			children = (
				1AF03C1515E6D4B200D2B47A /* testAppTests-Info.plist */,
				1AF03C1615E6D4B200D2B47A /* InfoPlist.strings */,
			);
			name = "Supporting Files";
			sourceTree = "<group>";
		};
/* End PBXGroup section */

/* Begin PBXNativeTarget section */
		1AF03BE715E6D4B200D2B47A /* testApp */ = {
			isa = PBXNativeTarget;
			buildConfigurationList = 1AF03C1E15E6D4B200D2B47A /* Build configuration list for PBXNativeTarget "testApp" */;
			buildPhases = (
				1AF03BE415E6D4B200D2B47A /* Sources */,
				1AF03BE515E6D4B200D2B47A /* Frameworks */,
				1AF03BE615E6D4B200D2B47A /* Resources */,
			);
			buildRules = (
			);
			dependencies = (
			);
			name = testApp;
			productName = testApp;
			productReference = 1AF03BE815E6D4B200D2B47A /* testApp.app */;
			productType = "com.apple.product-type.application";
		};
		1AF03C0B15E6D4B200D2B47A /* testAppTests */ = {
			isa = PBXNativeTarget;
			buildConfigurationList = 1AF03C2115E6D4B200D2B47A /* Build configuration list for PBXNativeTarget "testAppTests" */;
			buildPhases = (
				1AF03C0715E6D4B200D2B47A /* Sources */,
				1AF03C0815E6D4B200D2B47A /* Frameworks */,
				1AF03C0915E6D4B200D2B47A /* Resources */,
				1AF03C0A15E6D4B200D2B47A /* ShellScript */,
			);
			buildRules = (
			);
			dependencies = (
				1AF03C1215E6D4B200D2B47A /* PBXTargetDependency */,
			);
			name = testAppTests;
			productName = testAppTests;
			productReference = 1AF03C0C15E6D4B200D2B47A /* testAppTests.octest */;
			productType = "com.apple.product-type.bundle";
		};
/* End PBXNativeTarget section */

/* Begin PBXProject section */
		1AF03BDF15E6D4B200D2B47A /* Project object */ = {
			isa = PBXProject;
			attributes = {
				LastUpgradeCheck = 0440;
				ORGANIZATIONNAME = "James Floyd II";
			};
			buildConfigurationList = 1AF03BE215E6D4B200D2B47A /* Build configuration list for PBXProject "testApp" */;
			compatibilityVersion = "Xcode 3.2";
			developmentRegion = English;
			hasScannedForEncodings = 0;
			knownRegions = (
				en,
			);
			mainGroup = 1AF03BDD15E6D4B200D2B47A;
			productRefGroup = 1AF03BE915E6D4B200D2B47A /* Products */;
			projectDirPath = "";
			projectRoot = "";
			targets = (
				1AF03BE715E6D4B200D2B47A /* testApp */,
				1AF03C0B15E6D4B200D2B47A /* testAppTests */,
			);
		};
/* End PBXProject section */

/* Begin PBXResourcesBuildPhase section */
		1AF03BE615E6D4B200D2B47A /* Resources */ = {
			isa = PBXResourcesBuildPhase;
			buildActionMask = 2147483647;
			files = (
				1AF03BF715E6D4B200D2B47A /* InfoPlist.strings in Resources */,
				1AF03C0015E6D4B200D2B47A /* MainStoryboard_iPhone.storyboard in Resources */,
				1AF03C0315E6D4B200D2B47A /* MainStoryboard_iPad.storyboard in Resources */,
			);
			runOnlyForDeploymentPostprocessing = 0;
		};
		1AF03C0915E6D4B200D2B47A /* Resources */ = {
			isa = PBXResourcesBuildPhase;
			buildActionMask = 2147483647;
			files = (
				1AF03C1815E6D4B200D2B47A /* InfoPlist.strings in Resources */,
			);
			runOnlyForDeploymentPostprocessing = 0;
		};
/* End PBXResourcesBuildPhase section */

/* Begin PBXShellScriptBuildPhase section */
		1AF03C0A15E6D4B200D2B47A /* ShellScript */ = {
			isa = PBXShellScriptBuildPhase;
			buildActionMask = 2147483647;
			files = (
			);
			inputPaths = (
			);
			outputPaths = (
			);
			runOnlyForDeploymentPostprocessing = 0;
			shellPath = /bin/sh;
			shellScript = "# Run the unit tests in this test bundle.\n\"${SYSTEM_DEVELOPER_DIR}/Tools/RunUnitTests\"\n";
		};
/* End PBXShellScriptBuildPhase section */

/* Begin PBXSourcesBuildPhase section */
		1AF03BE415E6D4B200D2B47A /* Sources */ = {
			isa = PBXSourcesBuildPhase;
			buildActionMask = 2147483647;
			files = (
				1AF03BF915E6D4B200D2B47A /* main.m in Sources */,
				1AF03BFD15E6D4B200D2B47A /* AppDelegate.m in Sources */,
				1AF03C0615E6D4B200D2B47A /* ViewController.m in Sources */,
			);
			runOnlyForDeploymentPostprocessing = 0;
		};
		1AF03C0715E6D4B200D2B47A /* Sources */ = {
			isa = PBXSourcesBuildPhase;
			buildActionMask = 2147483647;
			files = (
				1AF03C1B15E6D4B200D2B47A /* testAppTests.m in Sources */,
			);
			runOnlyForDeploymentPostprocessing = 0;
		};
/* End PBXSourcesBuildPhase section */

/* Begin PBXTargetDependency section */
		1AF03C1215E6D4B200D2B47A /* PBXTargetDependency */ = {
			isa = PBXTargetDependency;
			target = 1AF03BE715E6D4B200D2B47A /* testApp */;
			targetProxy = 1AF03C1115E6D4B200D2B47A /* PBXContainerItemProxy */;
		};
/* End PBXTargetDependency section */

/* Begin PBXVariantGroup section */
		1AF03BF515E6D4B200D2B47A /* InfoPlist.strings */ = {
			isa = PBXVariantGroup;
			children = (
				1AF03BF615E6D4B200D2B47A /* en */,
			);
			name = InfoPlist.strings;
			sourceTree = "<group>";
		};
		1AF03BFE15E6D4B200D2B47A /* MainStoryboard_iPhone.storyboard */ = {
			isa = PBXVariantGroup;
			children = (
				1AF03BFF15E6D4B200D2B47A /* en */,
			);
			name = MainStoryboard_iPhone.storyboard;
			sourceTree = "<group>";
		};
		1AF03C0115E6D4B200D2B47A /* MainStoryboard_iPad.storyboard */ = {
			isa = PBXVariantGroup;
			children = (
				1AF03C0215E6D4B200D2B47A /* en */,
			);
			name = MainStoryboard_iPad.storyboard;
			sourceTree = "<group>";
		};
		1AF03C1615E6D4B200D2B47A /* InfoPlist.strings */ = {
			isa = PBXVariantGroup;
			children = (
				1AF03C1715E6D4B200D2B47A /* en */,
			);
			name = InfoPlist.strings;
			sourceTree = "<group>";
		};
/* End PBXVariantGroup section */

/* Begin XCBuildConfiguration section */
		1AF03C1C15E6D4B200D2B47A /* Debug */ = {
			isa = XCBuildConfiguration;
			buildSettings = {
				ALWAYS_SEARCH_USER_PATHS = NO;
				ARCHS = "$(ARCHS_STANDARD_32_BIT)";
				CLANG_CXX_LANGUAGE_STANDARD = "gnu++0x";
				CLANG_WARN__DUPLICATE_METHOD_MATCH = YES;
				"CODE_SIGN_IDENTITY[sdk=iphoneos*]" = "iPhone Developer";
				COPY_PHASE_STRIP = NO;
				GCC_C_LANGUAGE_STANDARD = gnu99;
				GCC_DYNAMIC_NO_PIC = NO;
				GCC_OPTIMIZATION_LEVEL = 0;
				GCC_PREPROCESSOR_DEFINITIONS = (
					"DEBUG=1",
					"$(inherited)",
				);
				GCC_SYMBOLS_PRIVATE_EXTERN = NO;
				GCC_VERSION = com.apple.compilers.llvm.clang.1_0;
				GCC_WARN_ABOUT_RETURN_TYPE = YES;
				GCC_WARN_UNINITIALIZED_AUTOS = YES;
				GCC_WARN_UNUSED_VARIABLE = YES;
				IPHONEOS_DEPLOYMENT_TARGET = 5.1;
				SDKROOT = iphoneos;
				TARGETED_DEVICE_FAMILY = "1,2";
			};
			name = Debug;
		};
		1AF03C1D15E6D4B200D2B47A /* Release */ = {
			isa = XCBuildConfiguration;
			buildSettings = {
				ALWAYS_SEARCH_USER_PATHS = NO;
				ARCHS = "$(ARCHS_STANDARD_32_BIT)";
				CLANG_CXX_LANGUAGE_STANDARD = "gnu++0x";
				CLANG_WARN__DUPLICATE_METHOD_MATCH = YES;
				"CODE_SIGN_IDENTITY[sdk=iphoneos*]" = "iPhone Developer";
				COPY_PHASE_STRIP = YES;
				GCC_C_LANGUAGE_STANDARD = gnu99;
				GCC_VERSION = com.apple.compilers.llvm.clang.1_0;
				GCC_WARN_ABOUT_RETURN_TYPE = YES;
				GCC_WARN_UNINITIALIZED_AUTOS = YES;
				GCC_WARN_UNUSED_VARIABLE = YES;
				IPHONEOS_DEPLOYMENT_TARGET = 5.1;
				OTHER_CFLAGS = "-DNS_BLOCK_ASSERTIONS=1";
				SDKROOT = iphoneos;
				TARGETED_DEVICE_FAMILY = "1,2";
				VALIDATE_PRODUCT = YES;
			};
			name = Release;
		};
		1AF03C1F15E6D4B200D2B47A /* Debug */ = {
			isa = XCBuildConfiguration;
			buildSettings = {
				GCC_PRECOMPILE_PREFIX_HEADER = YES;
				GCC_PREFIX_HEADER = "testApp/testApp-Prefix.pch";
				INFOPLIST_FILE = "testApp/testApp-Info.plist";
				PRODUCT_NAME = "$(TARGET_NAME)";
				WRAPPER_EXTENSION = app;
			};
			name = Debug;
		};
		1AF03C2015E6D4B200D2B47A /* Release */ = {
			isa = XCBuildConfiguration;
			buildSettings = {
				GCC_PRECOMPILE_PREFIX_HEADER = YES;
				GCC_PREFIX_HEADER = "testApp/testApp-Prefix.pch";
				INFOPLIST_FILE = "testApp/testApp-Info.plist";
				PRODUCT_NAME = "$(TARGET_NAME)";
				WRAPPER_EXTENSION = app;
			};
			name = Release;
		};
		1AF03C2215E6D4B200D2B47A /* Debug */ = {
			isa = XCBuildConfiguration;
			buildSettings = {
				BUNDLE_LOADER = "$(BUILT_PRODUCTS_DIR)/testApp.app/testApp";
				FRAMEWORK_SEARCH_PATHS = (
					"\"$(SDKROOT)/Developer/Library/Frameworks\"",
					"\"$(DEVELOPER_LIBRARY_DIR)/Frameworks\"",
				);
				GCC_PRECOMPILE_PREFIX_HEADER = YES;
				GCC_PREFIX_HEADER = "testApp/testApp-Prefix.pch";
				INFOPLIST_FILE = "testAppTests/testAppTests-Info.plist";
				PRODUCT_NAME = "$(TARGET_NAME)";
				TEST_HOST = "$(BUNDLE_LOADER)";
				WRAPPER_EXTENSION = octest;
			};
			name = Debug;
		};
		1AF03C2315E6D4B200D2B47A /* Release */ = {
			isa = XCBuildConfiguration;
			buildSettings = {
				BUNDLE_LOADER = "$(BUILT_PRODUCTS_DIR)/testApp.app/testApp";
				FRAMEWORK_SEARCH_PATHS = (
					"\"$(SDKROOT)/Developer/Library/Frameworks\"",
					"\"$(DEVELOPER_LIBRARY_DIR)/Frameworks\"",
				);
				GCC_PRECOMPILE_PREFIX_HEADER = YES;
				GCC_PREFIX_HEADER = "testApp/testApp-Prefix.pch";
				INFOPLIST_FILE = "testAppTests/testAppTests-Info.plist";
				PRODUCT_NAME = "$(TARGET_NAME)";
				TEST_HOST = "$(BUNDLE_LOADER)";
				WRAPPER_EXTENSION = octest;
			};
			name = Release;
		};
/* End XCBuildConfiguration section */

/* Begin XCConfigurationList section */
		1AF03BE215E6D4B200D2B47A /* Build configuration list for PBXProject "testApp" */ = {
			isa = XCConfigurationList;
			buildConfigurations = (
				1AF03C1C15E6D4B200D2B47A /* Debug */,
				1AF03C1D15E6D4B200D2B47A /* Release */,
			);
			defaultConfigurationIsVisible = 0;
			defaultConfigurationName = Release;
		};
		1AF03C1E15E6D4B200D2B47A /* Build configuration list for PBXNativeTarget "testApp" */ = {
			isa = XCConfigurationList;
			buildConfigurations = (
				1AF03C1F15E6D4B200D2B47A /* Debug */,
				1AF03C2015E6D4B200D2B47A /* Release */,
			);
			defaultConfigurationIsVisible = 0;
		};
		1AF03C2115E6D4B200D2B47A /* Build configuration list for PBXNativeTarget "testAppTests" */ = {
			isa = XCConfigurationList;
			buildConfigurations = (
				1AF03C2215E6D4B200D2B47A /* Debug */,
				1AF03C2315E6D4B200D2B47A /* Release */,
			);
			defaultConfigurationIsVisible = 0;
		};
/* End XCConfigurationList section */
	};
	rootObject = 1AF03BDF15E6D4B200D2B47A /* Project object */;
}
