// !$*UTF8*$!
{
	archiveVersion = 1;
	classes = {
	};
	objectVersion = 46;
	objects = {

/* Begin PBXBuildFile section */
		1A5F227A15CA04A400B65D6F /* UIKit.framework in Frameworks */ = {isa = PBXBuildFile; fileRef = 1A5F227915CA04A400B65D6F /* UIKit.framework */; };
		1A5F227C15CA04A400B65D6F /* Foundation.framework in Frameworks */ = {isa = PBXBuildFile; fileRef = 1A5F227B15CA04A400B65D6F /* Foundation.framework */; };
		1A5F227E15CA04A400B65D6F /* CoreGraphics.framework in Frameworks */ = {isa = PBXBuildFile; fileRef = 1A5F227D15CA04A400B65D6F /* CoreGraphics.framework */; };
		1A5F228415CA04A400B65D6F /* InfoPlist.strings in Resources */ = {isa = PBXBuildFile; fileRef = 1A5F228215CA04A400B65D6F /* InfoPlist.strings */; };
		1A5F228615CA04A400B65D6F /* main.m in Sources */ = {isa = PBXBuildFile; fileRef = 1A5F228515CA04A400B65D6F /* main.m */; };
		1A5F228A15CA04A400B65D6F /* AppDelegate.m in Sources */ = {isa = PBXBuildFile; fileRef = 1A5F228915CA04A400B65D6F /* AppDelegate.m */; };
		1A5F229215CA04A400B65D6F /* SenTestingKit.framework in Frameworks */ = {isa = PBXBuildFile; fileRef = 1A5F229115CA04A400B65D6F /* SenTestingKit.framework */; };
		1A5F229315CA04A400B65D6F /* UIKit.framework in Frameworks */ = {isa = PBXBuildFile; fileRef = 1A5F227915CA04A400B65D6F /* UIKit.framework */; };
		1A5F229415CA04A400B65D6F /* Foundation.framework in Frameworks */ = {isa = PBXBuildFile; fileRef = 1A5F227B15CA04A400B65D6F /* Foundation.framework */; };
		1A5F229C15CA04A400B65D6F /* InfoPlist.strings in Resources */ = {isa = PBXBuildFile; fileRef = 1A5F229A15CA04A400B65D6F /* InfoPlist.strings */; };
		1A5F229F15CA04A400B65D6F /* testAppTests.m in Sources */ = {isa = PBXBuildFile; fileRef = 1A5F229E15CA04A400B65D6F /* testAppTests.m */; };
/* End PBXBuildFile section */

/* Begin PBXContainerItemProxy section */
		1A5F229515CA04A400B65D6F /* PBXContainerItemProxy */ = {
			isa = PBXContainerItemProxy;
			containerPortal = 1A5F226C15CA04A400B65D6F /* Project object */;
			proxyType = 1;
			remoteGlobalIDString = 1A5F227415CA04A400B65D6F;
			remoteInfo = testApp;
		};
/* End PBXContainerItemProxy section */

/* Begin PBXFileReference section */
		1A5F227515CA04A400B65D6F /* testApp.app */ = {isa = PBXFileReference; explicitFileType = wrapper.application; includeInIndex = 0; path = testApp.app; sourceTree = BUILT_PRODUCTS_DIR; };
		1A5F227915CA04A400B65D6F /* UIKit.framework */ = {isa = PBXFileReference; lastKnownFileType = wrapper.framework; name = UIKit.framework; path = System/Library/Frameworks/UIKit.framework; sourceTree = SDKROOT; };
		1A5F227B15CA04A400B65D6F /* Foundation.framework */ = {isa = PBXFileReference; lastKnownFileType = wrapper.framework; name = Foundation.framework; path = System/Library/Frameworks/Foundation.framework; sourceTree = SDKROOT; };
		1A5F227D15CA04A400B65D6F /* CoreGraphics.framework */ = {isa = PBXFileReference; lastKnownFileType = wrapper.framework; name = CoreGraphics.framework; path = System/Library/Frameworks/CoreGraphics.framework; sourceTree = SDKROOT; };
		1A5F228115CA04A400B65D6F /* testApp-Info.plist */ = {isa = PBXFileReference; lastKnownFileType = text.plist.xml; path = "testApp-Info.plist"; sourceTree = "<group>"; };
		1A5F228315CA04A400B65D6F /* en */ = {isa = PBXFileReference; lastKnownFileType = text.plist.strings; name = en; path = en.lproj/InfoPlist.strings; sourceTree = "<group>"; };
		1A5F228515CA04A400B65D6F /* main.m */ = {isa = PBXFileReference; lastKnownFileType = sourcecode.c.objc; path = main.m; sourceTree = "<group>"; };
		1A5F228715CA04A400B65D6F /* testApp-Prefix.pch */ = {isa = PBXFileReference; lastKnownFileType = sourcecode.c.h; path = "testApp-Prefix.pch"; sourceTree = "<group>"; };
		1A5F228815CA04A400B65D6F /* AppDelegate.h */ = {isa = PBXFileReference; lastKnownFileType = sourcecode.c.h; path = AppDelegate.h; sourceTree = "<group>"; };
		1A5F228915CA04A400B65D6F /* AppDelegate.m */ = {isa = PBXFileReference; lastKnownFileType = sourcecode.c.objc; path = AppDelegate.m; sourceTree = "<group>"; };
		1A5F229015CA04A400B65D6F /* testAppTests.octest */ = {isa = PBXFileReference; explicitFileType = wrapper.cfbundle; includeInIndex = 0; path = testAppTests.octest; sourceTree = BUILT_PRODUCTS_DIR; };
		1A5F229115CA04A400B65D6F /* SenTestingKit.framework */ = {isa = PBXFileReference; lastKnownFileType = wrapper.framework; name = SenTestingKit.framework; path = Library/Frameworks/SenTestingKit.framework; sourceTree = DEVELOPER_DIR; };
		1A5F229915CA04A400B65D6F /* testAppTests-Info.plist */ = {isa = PBXFileReference; lastKnownFileType = text.plist.xml; path = "testAppTests-Info.plist"; sourceTree = "<group>"; };
		1A5F229B15CA04A400B65D6F /* en */ = {isa = PBXFileReference; lastKnownFileType = text.plist.strings; name = en; path = en.lproj/InfoPlist.strings; sourceTree = "<group>"; };
		1A5F229D15CA04A400B65D6F /* testAppTests.h */ = {isa = PBXFileReference; lastKnownFileType = sourcecode.c.h; path = testAppTests.h; sourceTree = "<group>"; };
		1A5F229E15CA04A400B65D6F /* testAppTests.m */ = {isa = PBXFileReference; lastKnownFileType = sourcecode.c.objc; path = testAppTests.m; sourceTree = "<group>"; };
/* End PBXFileReference section */

/* Begin PBXFrameworksBuildPhase section */
		1A5F227215CA04A400B65D6F /* Frameworks */ = {
			isa = PBXFrameworksBuildPhase;
			buildActionMask = 2147483647;
			files = (
				1A5F227A15CA04A400B65D6F /* UIKit.framework in Frameworks */,
				1A5F227C15CA04A400B65D6F /* Foundation.framework in Frameworks */,
				1A5F227E15CA04A400B65D6F /* CoreGraphics.framework in Frameworks */,
			);
			runOnlyForDeploymentPostprocessing = 0;
		};
		1A5F228C15CA04A400B65D6F /* Frameworks */ = {
			isa = PBXFrameworksBuildPhase;
			buildActionMask = 2147483647;
			files = (
				1A5F229215CA04A400B65D6F /* SenTestingKit.framework in Frameworks */,
				1A5F229315CA04A400B65D6F /* UIKit.framework in Frameworks */,
				1A5F229415CA04A400B65D6F /* Foundation.framework in Frameworks */,
			);
			runOnlyForDeploymentPostprocessing = 0;
		};
/* End PBXFrameworksBuildPhase section */

/* Begin PBXGroup section */
		1A5F226A15CA04A400B65D6F = {
			isa = PBXGroup;
			children = (
				1A5F227F15CA04A400B65D6F /* testApp */,
				1A5F229715CA04A400B65D6F /* testAppTests */,
				1A5F227815CA04A400B65D6F /* Frameworks */,
				1A5F227615CA04A400B65D6F /* Products */,
			);
			sourceTree = "<group>";
		};
		1A5F227615CA04A400B65D6F /* Products */ = {
			isa = PBXGroup;
			children = (
				1A5F227515CA04A400B65D6F /* testApp.app */,
				1A5F229015CA04A400B65D6F /* testAppTests.octest */,
			);
			name = Products;
			sourceTree = "<group>";
		};
		1A5F227815CA04A400B65D6F /* Frameworks */ = {
			isa = PBXGroup;
			children = (
				1A5F227915CA04A400B65D6F /* UIKit.framework */,
				1A5F227B15CA04A400B65D6F /* Foundation.framework */,
				1A5F227D15CA04A400B65D6F /* CoreGraphics.framework */,
				1A5F229115CA04A400B65D6F /* SenTestingKit.framework */,
			);
			name = Frameworks;
			sourceTree = "<group>";
		};
		1A5F227F15CA04A400B65D6F /* testApp */ = {
			isa = PBXGroup;
			children = (
				1A5F228815CA04A400B65D6F /* AppDelegate.h */,
				1A5F228915CA04A400B65D6F /* AppDelegate.m */,
				1A5F228015CA04A400B65D6F /* Supporting Files */,
			);
			path = testApp;
			sourceTree = "<group>";
		};
		1A5F228015CA04A400B65D6F /* Supporting Files */ = {
			isa = PBXGroup;
			children = (
				1A5F228115CA04A400B65D6F /* testApp-Info.plist */,
				1A5F228215CA04A400B65D6F /* InfoPlist.strings */,
				1A5F228515CA04A400B65D6F /* main.m */,
				1A5F228715CA04A400B65D6F /* testApp-Prefix.pch */,
			);
			name = "Supporting Files";
			sourceTree = "<group>";
		};
		1A5F229715CA04A400B65D6F /* testAppTests */ = {
			isa = PBXGroup;
			children = (
				1A5F229D15CA04A400B65D6F /* testAppTests.h */,
				1A5F229E15CA04A400B65D6F /* testAppTests.m */,
				1A5F229815CA04A400B65D6F /* Supporting Files */,
			);
			path = testAppTests;
			sourceTree = "<group>";
		};
		1A5F229815CA04A400B65D6F /* Supporting Files */ = {
			isa = PBXGroup;
			children = (
				1A5F229915CA04A400B65D6F /* testAppTests-Info.plist */,
				1A5F229A15CA04A400B65D6F /* InfoPlist.strings */,
			);
			name = "Supporting Files";
			sourceTree = "<group>";
		};
/* End PBXGroup section */

/* Begin PBXNativeTarget section */
		1A5F227415CA04A400B65D6F /* testApp */ = {
			isa = PBXNativeTarget;
			buildConfigurationList = 1A5F22A215CA04A400B65D6F /* Build configuration list for PBXNativeTarget "testApp" */;
			buildPhases = (
				1A5F227115CA04A400B65D6F /* Sources */,
				1A5F227215CA04A400B65D6F /* Frameworks */,
				1A5F227315CA04A400B65D6F /* Resources */,
			);
			buildRules = (
			);
			dependencies = (
			);
			name = testApp;
			productName = testApp;
			productReference = 1A5F227515CA04A400B65D6F /* testApp.app */;
			productType = "com.apple.product-type.application";
		};
		1A5F228F15CA04A400B65D6F /* testAppTests */ = {
			isa = PBXNativeTarget;
			buildConfigurationList = 1A5F22A515CA04A400B65D6F /* Build configuration list for PBXNativeTarget "testAppTests" */;
			buildPhases = (
				1A5F228B15CA04A400B65D6F /* Sources */,
				1A5F228C15CA04A400B65D6F /* Frameworks */,
				1A5F228D15CA04A400B65D6F /* Resources */,
				1A5F228E15CA04A400B65D6F /* ShellScript */,
			);
			buildRules = (
			);
			dependencies = (
				1A5F229615CA04A400B65D6F /* PBXTargetDependency */,
			);
			name = testAppTests;
			productName = testAppTests;
			productReference = 1A5F229015CA04A400B65D6F /* testAppTests.octest */;
			productType = "com.apple.product-type.bundle";
		};
/* End PBXNativeTarget section */

/* Begin PBXProject section */
		1A5F226C15CA04A400B65D6F /* Project object */ = {
			isa = PBXProject;
			attributes = {
				LastUpgradeCheck = 0430;
			};
			buildConfigurationList = 1A5F226F15CA04A400B65D6F /* Build configuration list for PBXProject "testApp" */;
			compatibilityVersion = "Xcode 3.2";
			developmentRegion = English;
			hasScannedForEncodings = 0;
			knownRegions = (
				en,
			);
			mainGroup = 1A5F226A15CA04A400B65D6F;
			productRefGroup = 1A5F227615CA04A400B65D6F /* Products */;
			projectDirPath = "";
			projectRoot = "";
			targets = (
				1A5F227415CA04A400B65D6F /* testApp */,
				1A5F228F15CA04A400B65D6F /* testAppTests */,
			);
		};
/* End PBXProject section */

/* Begin PBXResourcesBuildPhase section */
		1A5F227315CA04A400B65D6F /* Resources */ = {
			isa = PBXResourcesBuildPhase;
			buildActionMask = 2147483647;
			files = (
				1A5F228415CA04A400B65D6F /* InfoPlist.strings in Resources */,
			);
			runOnlyForDeploymentPostprocessing = 0;
		};
		1A5F228D15CA04A400B65D6F /* Resources */ = {
			isa = PBXResourcesBuildPhase;
			buildActionMask = 2147483647;
			files = (
				1A5F229C15CA04A400B65D6F /* InfoPlist.strings in Resources */,
			);
			runOnlyForDeploymentPostprocessing = 0;
		};
/* End PBXResourcesBuildPhase section */

/* Begin PBXShellScriptBuildPhase section */
		1A5F228E15CA04A400B65D6F /* ShellScript */ = {
			isa = PBXShellScriptBuildPhase;
			buildActionMask = 2147483647;
			files = (
			);
			inputPaths = (
			);
			outputPaths = (
			);
			runOnlyForDeploymentPostprocessing = 0;
			shellPath = /bin/sh;
			shellScript = "# Run the unit tests in this test bundle.\n\"${SYSTEM_DEVELOPER_DIR}/Tools/RunUnitTests\"\n";
		};
/* End PBXShellScriptBuildPhase section */

/* Begin PBXSourcesBuildPhase section */
		1A5F227115CA04A400B65D6F /* Sources */ = {
			isa = PBXSourcesBuildPhase;
			buildActionMask = 2147483647;
			files = (
				1A5F228615CA04A400B65D6F /* main.m in Sources */,
				1A5F228A15CA04A400B65D6F /* AppDelegate.m in Sources */,
			);
			runOnlyForDeploymentPostprocessing = 0;
		};
		1A5F228B15CA04A400B65D6F /* Sources */ = {
			isa = PBXSourcesBuildPhase;
			buildActionMask = 2147483647;
			files = (
				1A5F229F15CA04A400B65D6F /* testAppTests.m in Sources */,
			);
			runOnlyForDeploymentPostprocessing = 0;
		};
/* End PBXSourcesBuildPhase section */

/* Begin PBXTargetDependency section */
		1A5F229615CA04A400B65D6F /* PBXTargetDependency */ = {
			isa = PBXTargetDependency;
			target = 1A5F227415CA04A400B65D6F /* testApp */;
			targetProxy = 1A5F229515CA04A400B65D6F /* PBXContainerItemProxy */;
		};
/* End PBXTargetDependency section */

/* Begin PBXVariantGroup section */
		1A5F228215CA04A400B65D6F /* InfoPlist.strings */ = {
			isa = PBXVariantGroup;
			children = (
				1A5F228315CA04A400B65D6F /* en */,
			);
			name = InfoPlist.strings;
			sourceTree = "<group>";
		};
		1A5F229A15CA04A400B65D6F /* InfoPlist.strings */ = {
			isa = PBXVariantGroup;
			children = (
				1A5F229B15CA04A400B65D6F /* en */,
			);
			name = InfoPlist.strings;
			sourceTree = "<group>";
		};
/* End PBXVariantGroup section */

/* Begin XCBuildConfiguration section */
		1A5F22A015CA04A400B65D6F /* Debug */ = {
			isa = XCBuildConfiguration;
			buildSettings = {
				ALWAYS_SEARCH_USER_PATHS = NO;
				ARCHS = "$(ARCHS_STANDARD_32_BIT)";
				"CODE_SIGN_IDENTITY[sdk=iphoneos*]" = "iPhone Developer";
				COPY_PHASE_STRIP = NO;
				GCC_C_LANGUAGE_STANDARD = gnu99;
				GCC_DYNAMIC_NO_PIC = NO;
				GCC_OPTIMIZATION_LEVEL = 0;
				GCC_PREPROCESSOR_DEFINITIONS = (
					"DEBUG=1",
					"$(inherited)",
				);
				GCC_SYMBOLS_PRIVATE_EXTERN = NO;
				GCC_VERSION = com.apple.compilers.llvm.clang.1_0;
				GCC_WARN_ABOUT_RETURN_TYPE = YES;
				GCC_WARN_UNINITIALIZED_AUTOS = YES;
				GCC_WARN_UNUSED_VARIABLE = YES;
				IPHONEOS_DEPLOYMENT_TARGET = 5.1;
				SDKROOT = iphoneos;
				TARGETED_DEVICE_FAMILY = "1,2";
			};
			name = Debug;
		};
		1A5F22A115CA04A400B65D6F /* Release */ = {
			isa = XCBuildConfiguration;
			buildSettings = {
				ALWAYS_SEARCH_USER_PATHS = NO;
				ARCHS = "$(ARCHS_STANDARD_32_BIT)";
				"CODE_SIGN_IDENTITY[sdk=iphoneos*]" = "iPhone Developer";
				COPY_PHASE_STRIP = YES;
				GCC_C_LANGUAGE_STANDARD = gnu99;
				GCC_VERSION = com.apple.compilers.llvm.clang.1_0;
				GCC_WARN_ABOUT_RETURN_TYPE = YES;
				GCC_WARN_UNINITIALIZED_AUTOS = YES;
				GCC_WARN_UNUSED_VARIABLE = YES;
				IPHONEOS_DEPLOYMENT_TARGET = 5.1;
				OTHER_CFLAGS = "-DNS_BLOCK_ASSERTIONS=1";
				SDKROOT = iphoneos;
				TARGETED_DEVICE_FAMILY = "1,2";
				VALIDATE_PRODUCT = YES;
			};
			name = Release;
		};
		1A5F22A315CA04A400B65D6F /* Debug */ = {
			isa = XCBuildConfiguration;
			buildSettings = {
				GCC_PRECOMPILE_PREFIX_HEADER = YES;
				GCC_PREFIX_HEADER = "testApp/testApp-Prefix.pch";
				INFOPLIST_FILE = "testApp/testApp-Info.plist";
				PRODUCT_NAME = "$(TARGET_NAME)";
				WRAPPER_EXTENSION = app;
			};
			name = Debug;
		};
		1A5F22A415CA04A400B65D6F /* Release */ = {
			isa = XCBuildConfiguration;
			buildSettings = {
				GCC_PRECOMPILE_PREFIX_HEADER = YES;
				GCC_PREFIX_HEADER = "testApp/testApp-Prefix.pch";
				INFOPLIST_FILE = "testApp/testApp-Info.plist";
				PRODUCT_NAME = "$(TARGET_NAME)";
				WRAPPER_EXTENSION = app;
			};
			name = Release;
		};
		1A5F22A615CA04A400B65D6F /* Debug */ = {
			isa = XCBuildConfiguration;
			buildSettings = {
				BUNDLE_LOADER = "$(BUILT_PRODUCTS_DIR)/testApp.app/testApp";
				FRAMEWORK_SEARCH_PATHS = (
					"$(SDKROOT)/Developer/Library/Frameworks",
					"$(DEVELOPER_LIBRARY_DIR)/Frameworks",
				);
				GCC_PRECOMPILE_PREFIX_HEADER = YES;
				GCC_PREFIX_HEADER = "testApp/testApp-Prefix.pch";
				INFOPLIST_FILE = "testAppTests/testAppTests-Info.plist";
				PRODUCT_NAME = "$(TARGET_NAME)";
				TEST_HOST = "$(BUNDLE_LOADER)";
				WRAPPER_EXTENSION = octest;
			};
			name = Debug;
		};
		1A5F22A715CA04A400B65D6F /* Release */ = {
			isa = XCBuildConfiguration;
			buildSettings = {
				BUNDLE_LOADER = "$(BUILT_PRODUCTS_DIR)/testApp.app/testApp";
				FRAMEWORK_SEARCH_PATHS = (
					"$(SDKROOT)/Developer/Library/Frameworks",
					"$(DEVELOPER_LIBRARY_DIR)/Frameworks",
				);
				GCC_PRECOMPILE_PREFIX_HEADER = YES;
				GCC_PREFIX_HEADER = "testApp/testApp-Prefix.pch";
				INFOPLIST_FILE = "testAppTests/testAppTests-Info.plist";
				PRODUCT_NAME = "$(TARGET_NAME)";
				TEST_HOST = "$(BUNDLE_LOADER)";
				WRAPPER_EXTENSION = octest;
			};
			name = Release;
		};
/* End XCBuildConfiguration section */

/* Begin XCConfigurationList section */
		1A5F226F15CA04A400B65D6F /* Build configuration list for PBXProject "testApp" */ = {
			isa = XCConfigurationList;
			buildConfigurations = (
				1A5F22A015CA04A400B65D6F /* Debug */,
				1A5F22A115CA04A400B65D6F /* Release */,
			);
			defaultConfigurationIsVisible = 0;
			defaultConfigurationName = Release;
		};
		1A5F22A215CA04A400B65D6F /* Build configuration list for PBXNativeTarget "testApp" */ = {
			isa = XCConfigurationList;
			buildConfigurations = (
				1A5F22A315CA04A400B65D6F /* Debug */,
				1A5F22A415CA04A400B65D6F /* Release */,
			);
			defaultConfigurationIsVisible = 0;
		};
		1A5F22A515CA04A400B65D6F /* Build configuration list for PBXNativeTarget "testAppTests" */ = {
			isa = XCConfigurationList;
			buildConfigurations = (
				1A5F22A615CA04A400B65D6F /* Debug */,
				1A5F22A715CA04A400B65D6F /* Release */,
			);
			defaultConfigurationIsVisible = 0;
		};
/* End XCConfigurationList section */
	};
	rootObject = 1A5F226C15CA04A400B65D6F /* Project object */;
}
